
Microsoft Visual Studio Solution File, Format Version 12.00
# Visual Studio Version 16
VisualStudioVersion = 16.0.30907.101
MinimumVisualStudioVersion = 10.0.40219.1
Project("{FAE04EC0-301F-11D3-BF4B-00C04F79EFBC}") = "CoffeeShop", "CoffeeShop\CoffeeShop.csproj", "{9618A0A6-7C8B-4E1F-B63A-C9525381F617}"
EndProject
Global
	GlobalSection(SolutionConfigurationPlatforms) = preSolution
		Debug|Any CPU = Debug|Any CPU
		Release|Any CPU = Release|Any CPU
	EndGlobalSection
	GlobalSection(ProjectConfigurationPlatforms) = postSolution
		{9618A0A6-7C8B-4E1F-B63A-C9525381F617}.Debug|Any CPU.ActiveCfg = Debug|Any CPU
		{9618A0A6-7C8B-4E1F-B63A-C9525381F617}.Debug|Any CPU.Build.0 = Debug|Any CPU
		{9618A0A6-7C8B-4E1F-B63A-C9525381F617}.Release|Any CPU.ActiveCfg = Release|Any CPU
		{9618A0A6-7C8B-4E1F-B63A-C9525381F617}.Release|Any CPU.Build.0 = Release|Any CPU
	EndGlobalSection
	GlobalSection(SolutionProperties) = preSolution
		HideSolutionNode = FALSE
	EndGlobalSection
	GlobalSection(ExtensibilityGlobals) = postSolution
		SolutionGuid = {59DF89E0-27E1-4595-8B1C-53F00F8C29E9}
	EndGlobalSection
EndGlobal
